
Microsoft Visual Studio Solution File, Format Version 12.00
# Visual Studio Version 17
VisualStudioVersion = 17.9.34622.214
MinimumVisualStudioVersion = 10.0.40219.1
Project("{FAE04EC0-301F-11D3-BF4B-00C04F79EFBC}") = "AnydeskEasyConnect", "AnydeskEasyConnect.csproj", "{D3D4EE8C-6BEF-4C9B-8D76-3F508D6B3F44}"
EndProject
Global
	GlobalSection(SolutionConfigurationPlatforms) = preSolution
		Debug|Any CPU = Debug|Any CPU
		Release|Any CPU = Release|Any CPU
	EndGlobalSection
	GlobalSection(ProjectConfigurationPlatforms) = postSolution
		{D3D4EE8C-6BEF-4C9B-8D76-3F508D6B3F44}.Debug|Any CPU.ActiveCfg = Debug|Any CPU
		{D3D4EE8C-6BEF-4C9B-8D76-3F508D6B3F44}.Debug|Any CPU.Build.0 = Debug|Any CPU
		{D3D4EE8C-6BEF-4C9B-8D76-3F508D6B3F44}.Release|Any CPU.ActiveCfg = Release|Any CPU
		{D3D4EE8C-6BEF-4C9B-8D76-3F508D6B3F44}.Release|Any CPU.Build.0 = Release|Any CPU
	EndGlobalSection
	GlobalSection(SolutionProperties) = preSolution
		HideSolutionNode = FALSE
	EndGlobalSection
	GlobalSection(ExtensibilityGlobals) = postSolution
		SolutionGuid = {F791562B-4FFD-4BED-BC2B-2731E4600EAA}
	EndGlobalSection
EndGlobal
